
Microsoft Visual Studio Solution File, Format Version 11.00
# Visual Studio 2010
Project("{FAE04EC0-301F-11D3-BF4B-00C04F79EFBC}") = "Prism", "Prism\Prism.csproj", "{3BC829AC-1DE8-48A7-BE0C-D96CFE6CF0EA}"
EndProject
Project("{FAE04EC0-301F-11D3-BF4B-00C04F79EFBC}") = "Prism.Tests", "Prism.Tests\Prism.Tests.csproj", "{0BBCBA00-257D-4E79-B537-FD227188BDF8}"
EndProject
Project("{FAE04EC0-301F-11D3-BF4B-00C04F79EFBC}") = "Prism.TestSupport", "Prism.TestSupport\Prism.TestSupport.csproj", "{39F16E78-A9D9-4A83-BBEE-C7F311522E2E}"
EndProject
Project("{FAE04EC0-301F-11D3-BF4B-00C04F79EFBC}") = "Prism.Interactivity", "Prism.Interactivity\Prism.Interactivity.csproj", "{F3CC2EF9-B092-498A-A7D7-E52DE5370700}"
EndProject
Project("{FAE04EC0-301F-11D3-BF4B-00C04F79EFBC}") = "Prism.Interactivity.Tests", "Prism.Interactivity.Tests\Prism.Interactivity.Tests.csproj", "{AEB2B012-D6F5-425A-99B5-D3E4FE2EA922}"
EndProject
Global
	GlobalSection(SolutionConfigurationPlatforms) = preSolution
		Debug|Any CPU = Debug|Any CPU
		Release|Any CPU = Release|Any CPU
	EndGlobalSection
	GlobalSection(ProjectConfigurationPlatforms) = postSolution
		{3BC829AC-1DE8-48A7-BE0C-D96CFE6CF0EA}.Debug|Any CPU.ActiveCfg = Debug|Any CPU
		{3BC829AC-1DE8-48A7-BE0C-D96CFE6CF0EA}.Debug|Any CPU.Build.0 = Debug|Any CPU
		{3BC829AC-1DE8-48A7-BE0C-D96CFE6CF0EA}.Release|Any CPU.ActiveCfg = Release|Any CPU
		{3BC829AC-1DE8-48A7-BE0C-D96CFE6CF0EA}.Release|Any CPU.Build.0 = Release|Any CPU
		{0BBCBA00-257D-4E79-B537-FD227188BDF8}.Debug|Any CPU.ActiveCfg = Debug|Any CPU
		{0BBCBA00-257D-4E79-B537-FD227188BDF8}.Debug|Any CPU.Build.0 = Debug|Any CPU
		{0BBCBA00-257D-4E79-B537-FD227188BDF8}.Debug|Any CPU.Deploy.0 = Debug|Any CPU
		{0BBCBA00-257D-4E79-B537-FD227188BDF8}.Release|Any CPU.ActiveCfg = Release|Any CPU
		{0BBCBA00-257D-4E79-B537-FD227188BDF8}.Release|Any CPU.Build.0 = Release|Any CPU
		{0BBCBA00-257D-4E79-B537-FD227188BDF8}.Release|Any CPU.Deploy.0 = Release|Any CPU
		{39F16E78-A9D9-4A83-BBEE-C7F311522E2E}.Debug|Any CPU.ActiveCfg = Debug|Any CPU
		{39F16E78-A9D9-4A83-BBEE-C7F311522E2E}.Debug|Any CPU.Build.0 = Debug|Any CPU
		{39F16E78-A9D9-4A83-BBEE-C7F311522E2E}.Release|Any CPU.ActiveCfg = Release|Any CPU
		{39F16E78-A9D9-4A83-BBEE-C7F311522E2E}.Release|Any CPU.Build.0 = Release|Any CPU
		{F3CC2EF9-B092-498A-A7D7-E52DE5370700}.Debug|Any CPU.ActiveCfg = Debug|Any CPU
		{F3CC2EF9-B092-498A-A7D7-E52DE5370700}.Debug|Any CPU.Build.0 = Debug|Any CPU
		{F3CC2EF9-B092-498A-A7D7-E52DE5370700}.Release|Any CPU.ActiveCfg = Release|Any CPU
		{F3CC2EF9-B092-498A-A7D7-E52DE5370700}.Release|Any CPU.Build.0 = Release|Any CPU
		{AEB2B012-D6F5-425A-99B5-D3E4FE2EA922}.Debug|Any CPU.ActiveCfg = Debug|Any CPU
		{AEB2B012-D6F5-425A-99B5-D3E4FE2EA922}.Debug|Any CPU.Build.0 = Debug|Any CPU
		{AEB2B012-D6F5-425A-99B5-D3E4FE2EA922}.Debug|Any CPU.Deploy.0 = Debug|Any CPU
		{AEB2B012-D6F5-425A-99B5-D3E4FE2EA922}.Release|Any CPU.ActiveCfg = Release|Any CPU
		{AEB2B012-D6F5-425A-99B5-D3E4FE2EA922}.Release|Any CPU.Build.0 = Release|Any CPU
		{AEB2B012-D6F5-425A-99B5-D3E4FE2EA922}.Release|Any CPU.Deploy.0 = Release|Any CPU
	EndGlobalSection
	GlobalSection(SolutionProperties) = preSolution
		HideSolutionNode = FALSE
	EndGlobalSection
EndGlobal
